PODS:
  - Alamofire (4.5.0)
  - DKImagePickerController (3.5.7):
    - DKImagePickerController/Camera (= 3.5.7)
    - DKImagePickerController/ImageManager (= 3.5.7)
  - DKImagePickerController/Camera (3.5.7)
  - DKImagePickerController/ImageManager (3.5.7)
  - ESPullToRefresh (2.6)
  - FSPagerView (0.5.5)
  - Hero (0.3.6)
  - KeychainAccess (3.0.2)
  - Kingfisher (3.10.4)
  - PageMenu (1.2.9)
  - SKPhotoBrowser (4.0.1)
  - SnapKit (3.2.0)
  - SwifterSwift (3.1.0):
    - SwifterSwift/Cocoa (= 3.1.0)
    - SwifterSwift/Foundation (= 3.1.0)
    - SwifterSwift/UIKit (= 3.1.0)
  - SwifterSwift/Cocoa (3.1.0)
  - SwifterSwift/Foundation (3.1.0)
  - SwifterSwift/UIKit (3.1.0)
  - SwiftyJSON (3.1.4)
  - Timepiece (1.2.0)

DEPENDENCIES:
  - Alamofire
  - DKImagePickerController
  - ESPullToRefresh
  - FSPagerView
  - Hero
  - KeychainAccess
  - Kingfisher
  - PageMenu
  - SKPhotoBrowser
  - SnapKit
  - SwifterSwift
  - SwiftyJSON
  - Timepiece

SPEC CHECKSUMS:
  Alamofire: f28cdffd29de33a7bfa022cbd63ae95a27fae140
  DKImagePickerController: da5111f475c2fda9f932bab55519a43275bd4cf0
  ESPullToRefresh: 85f4990acf87f78c6a1466bbbee7a75d7de24db9
  FSPagerView: 3ec72e6b201d77a48adab5ed1d33b43a8cc153d6
  Hero: d3c6f4dd80cdcdbb339be64e57ae3b5c3ab9938c
  KeychainAccess: a986406022dfc7c634c691ad3bec670cc6a32002
  Kingfisher: dc3a4983e86d2dfa89513664983a82340c11a289
  PageMenu: ba19ff267f7a19e444e93c20a7847b78954a7011
  SKPhotoBrowser: 3a7c6fc02aa1620ab17253a47a49fafda46536e8
  SnapKit: 1ca44df72cfa543218d177cb8aab029d10d86ea7
  SwifterSwift: f84eb7308f7742724b3cbf84283ce00f7c06d7fc
  SwiftyJSON: c2842d878f95482ffceec5709abc3d05680c0220
  Timepiece: d07900e985af4911f09146f1175fdbec37944836

PODFILE CHECKSUM: 7278247351004f22e4e827ef87ab6ded1fa91b88

COCOAPODS: 1.2.1.beta.1
